
Microsoft Visual Studio Solution File, Format Version 12.00
# Visual Studio 14
VisualStudioVersion = 14.0.25123.0
MinimumVisualStudioVersion = 10.0.40219.1
Project("{FAE04EC0-301F-11D3-BF4B-00C04F79EFBC}") = "FileUpLoadAPI", "FileUpLoadAPI\FileUpLoadAPI.csproj", "{8A1906F0-7039-42BD-BD5C-6991C5B22839}"
EndProject
Project("{FAE04EC0-301F-11D3-BF4B-00C04F79EFBC}") = "FileUpLoadClient", "FileUpLoadClient\FileUpLoadClient.csproj", "{4CCF3D30-319B-4B99-B6FA-24741F849E8F}"
EndProject
Global
	GlobalSection(SolutionConfigurationPlatforms) = preSolution
		Debug|Any CPU = Debug|Any CPU
		Release|Any CPU = Release|Any CPU
	EndGlobalSection
	GlobalSection(ProjectConfigurationPlatforms) = postSolution
		{8A1906F0-7039-42BD-BD5C-6991C5B22839}.Debug|Any CPU.ActiveCfg = Debug|Any CPU
		{8A1906F0-7039-42BD-BD5C-6991C5B22839}.Debug|Any CPU.Build.0 = Debug|Any CPU
		{8A1906F0-7039-42BD-BD5C-6991C5B22839}.Release|Any CPU.ActiveCfg = Release|Any CPU
		{8A1906F0-7039-42BD-BD5C-6991C5B22839}.Release|Any CPU.Build.0 = Release|Any CPU
		{4CCF3D30-319B-4B99-B6FA-24741F849E8F}.Debug|Any CPU.ActiveCfg = Debug|Any CPU
		{4CCF3D30-319B-4B99-B6FA-24741F849E8F}.Debug|Any CPU.Build.0 = Debug|Any CPU
		{4CCF3D30-319B-4B99-B6FA-24741F849E8F}.Release|Any CPU.ActiveCfg = Release|Any CPU
		{4CCF3D30-319B-4B99-B6FA-24741F849E8F}.Release|Any CPU.Build.0 = Release|Any CPU
	EndGlobalSection
	GlobalSection(SolutionProperties) = preSolution
		HideSolutionNode = FALSE
	EndGlobalSection
EndGlobal
